
Microsoft Visual Studio Solution File, Format Version 12.00
# Visual Studio Version 17
VisualStudioVersion = 17.7.34031.279
MinimumVisualStudioVersion = 10.0.40219.1
Project("{FAE04EC0-301F-11D3-BF4B-00C04F79EFBC}") = "emv_parse", "emv_parse\emv_parse.csproj", "{DB4F9B34-88A3-4A65-BDF4-94D5A2535A70}"
EndProject
Global
	GlobalSection(SolutionConfigurationPlatforms) = preSolution
		Debug|Any CPU = Debug|Any CPU
		Release|Any CPU = Release|Any CPU
	EndGlobalSection
	GlobalSection(ProjectConfigurationPlatforms) = postSolution
		{DB4F9B34-88A3-4A65-BDF4-94D5A2535A70}.Debug|Any CPU.ActiveCfg = Debug|Any CPU
		{DB4F9B34-88A3-4A65-BDF4-94D5A2535A70}.Debug|Any CPU.Build.0 = Debug|Any CPU
		{DB4F9B34-88A3-4A65-BDF4-94D5A2535A70}.Release|Any CPU.ActiveCfg = Release|Any CPU
		{DB4F9B34-88A3-4A65-BDF4-94D5A2535A70}.Release|Any CPU.Build.0 = Release|Any CPU
	EndGlobalSection
	GlobalSection(SolutionProperties) = preSolution
		HideSolutionNode = FALSE
	EndGlobalSection
	GlobalSection(ExtensibilityGlobals) = postSolution
		SolutionGuid = {0E31F7C6-2B43-4407-9804-A1A8C4979BA6}
	EndGlobalSection
EndGlobal
